
Microsoft Visual Studio Solution File, Format Version 12.00
# Visual Studio Version 16
VisualStudioVersion = 16.0.31605.320
MinimumVisualStudioVersion = 10.0.40219.1
Project("{9A19103F-16F7-4668-BE54-9A1E7A4F7556}") = "biomass-succession", "biomass-succession.csproj", "{9EB465A6-C16F-43AC-B10E-BBE16D31C3BC}"
EndProject
Global
	GlobalSection(SolutionConfigurationPlatforms) = preSolution
		Debug|Any CPU = Debug|Any CPU
		Release|Any CPU = Release|Any CPU
	EndGlobalSection
	GlobalSection(ProjectConfigurationPlatforms) = postSolution
		{9EB465A6-C16F-43AC-B10E-BBE16D31C3BC}.Debug|Any CPU.ActiveCfg = Debug|Any CPU
		{9EB465A6-C16F-43AC-B10E-BBE16D31C3BC}.Debug|Any CPU.Build.0 = Debug|Any CPU
		{9EB465A6-C16F-43AC-B10E-BBE16D31C3BC}.Release|Any CPU.ActiveCfg = Release|Any CPU
		{9EB465A6-C16F-43AC-B10E-BBE16D31C3BC}.Release|Any CPU.Build.0 = Release|Any CPU
	EndGlobalSection
	GlobalSection(SolutionProperties) = preSolution
		HideSolutionNode = FALSE
	EndGlobalSection
	GlobalSection(ExtensibilityGlobals) = postSolution
		SolutionGuid = {B6396B50-80EB-40D3-ABA7-CA4D36B12B2F}
	EndGlobalSection
EndGlobal
